
Microsoft Visual Studio Solution File, Format Version 12.00
# Visual Studio Version 17
VisualStudioVersion = 17.11.35303.130
MinimumVisualStudioVersion = 10.0.40219.1
Project("{2150E333-8FDC-42A3-9474-1A3956D46DE8}") = "Task0", "Task0", "{01FFF0DB-6C1C-4721-887A-3773971DB5FA}"
EndProject
Project("{9A19103F-16F7-4668-BE54-9A1E7A4F7556}") = "Tyuiu.TalalaevaAV.Sprint3.Task0.V23", "Tyuiu.TalalaevaAV.Sprint3.Task0.V23\Tyuiu.TalalaevaAV.Sprint3.Task0.V23.csproj", "{7377A13E-A4AE-4C62-A2B8-9E9FE7A84B62}"
EndProject
Project("{9A19103F-16F7-4668-BE54-9A1E7A4F7556}") = "Tyuiu.TalalaevaAV.Sprint3.Task0.V23.Lib", "Tyuiu.TalalaevaAV.Sprint3.Task0.V23.Lib\Tyuiu.TalalaevaAV.Sprint3.Task0.V23.Lib.csproj", "{9A0C3A93-FC74-472D-A96D-5FAEFEC4267A}"
EndProject
Project("{9A19103F-16F7-4668-BE54-9A1E7A4F7556}") = "Tyuiu.TalalaevaAV.Sprint3.Task0.V23.Test", "Tyuiu.TalalaevaAV.Sprint3.Task0.V23.Test\Tyuiu.TalalaevaAV.Sprint3.Task0.V23.Test.csproj", "{335B1EF9-BDB8-4073-8716-29B31069BF53}"
EndProject
Project("{2150E333-8FDC-42A3-9474-1A3956D46DE8}") = "Task1", "Task1", "{8A9CEC10-1114-44EE-BE38-B0E7EA8F2284}"
EndProject
Project("{9A19103F-16F7-4668-BE54-9A1E7A4F7556}") = "Tyuiu.TalalaevaAV.Sprint3.Task1.V24", "Tyuiu.TalalaevaAV.Sprint3.Task1.V24\Tyuiu.TalalaevaAV.Sprint3.Task1.V24.csproj", "{92BF19F5-4808-47F0-BB74-C50868B10919}"
EndProject
Project("{9A19103F-16F7-4668-BE54-9A1E7A4F7556}") = "Tyuiu.TalalaevaAV.Sprint3.Task1.V24.Lib", "Tyuiu.TalalaevaAV.Sprint3.Task1.V24.Lib\Tyuiu.TalalaevaAV.Sprint3.Task1.V24.Lib.csproj", "{1966FC83-4854-4CDB-93E7-7EE0A5729481}"
EndProject
Project("{9A19103F-16F7-4668-BE54-9A1E7A4F7556}") = "Tyuiu.TalalaevaAV.Sprint3.Task1.V24.Test", "Tyuiu.TalalaevaAV.Sprint3.Task1.V24.Test\Tyuiu.TalalaevaAV.Sprint3.Task1.V24.Test.csproj", "{44E11920-C370-4EF4-882F-836B5D6DA0FD}"
EndProject
Project("{2150E333-8FDC-42A3-9474-1A3956D46DE8}") = "Task2", "Task2", "{AFB07FA0-A6D0-4BCB-B312-FD5B9D211B3A}"
EndProject
Project("{9A19103F-16F7-4668-BE54-9A1E7A4F7556}") = "Tyuiu.TalalaevaAV.Sprint3.Task2.V26", "Tyuiu.TalalaevaAV.Sprint3.Task2.V26\Tyuiu.TalalaevaAV.Sprint3.Task2.V26.csproj", "{3076FA66-651A-49C1-ABDD-AE0AC3E0B4A7}"
EndProject
Project("{9A19103F-16F7-4668-BE54-9A1E7A4F7556}") = "Tyuiu.TalalaevaAV.Sprint3.Task2.V26.Lib", "Tyuiu.TalalaevaAV.Sprint3.Task2.V26.Lib\Tyuiu.TalalaevaAV.Sprint3.Task2.V26.Lib.csproj", "{42A17EA7-9A2C-4368-89C4-27C289AD047F}"
EndProject
Project("{9A19103F-16F7-4668-BE54-9A1E7A4F7556}") = "Tyuiu.TalalaevaAV.Sprint3.Task2.V26.Test", "Tyuiu.TalalaevaAV.Sprint3.Task2.V26.Test\Tyuiu.TalalaevaAV.Sprint3.Task2.V26.Test.csproj", "{15CACD76-A450-4B04-AD97-05C68B04EE4F}"
EndProject
Project("{2150E333-8FDC-42A3-9474-1A3956D46DE8}") = "Task3", "Task3", "{5E9FA45A-1A33-426B-949E-06A4642F6ACB}"
EndProject
Project("{9A19103F-16F7-4668-BE54-9A1E7A4F7556}") = "Tyuiu.TalalaevaAV.Sprint3.Task3.V21", "Tyuiu.TalalaevaAV.Sprint3.Task3.V21\Tyuiu.TalalaevaAV.Sprint3.Task3.V21.csproj", "{D47ED2E8-D6D3-4265-97B1-3146DBFD3CEB}"
EndProject
Project("{9A19103F-16F7-4668-BE54-9A1E7A4F7556}") = "Tyuiu.TalalaevaAV.Sprint3.Task3.V21.Lib", "Tyuiu.TalalaevaAV.Sprint3.Task3.V21.Lib\Tyuiu.TalalaevaAV.Sprint3.Task3.V21.Lib.csproj", "{A28F410A-389C-4CE9-9762-C489C1CAEA57}"
EndProject
Project("{9A19103F-16F7-4668-BE54-9A1E7A4F7556}") = "Tyuiu.TalalaevaAV.Sprint3.Task3.V21.Test", "Tyuiu.TalalaevaAV.Sprint3.Task3.V21.Test\Tyuiu.TalalaevaAV.Sprint3.Task3.V21.Test.csproj", "{D8120997-0155-4E22-8473-F2F8249B9644}"
EndProject
Project("{2150E333-8FDC-42A3-9474-1A3956D46DE8}") = "Task4", "Task4", "{6C7D0990-2191-4A98-880F-6D95E0434BCC}"
EndProject
Project("{9A19103F-16F7-4668-BE54-9A1E7A4F7556}") = "Tyuiu.TalalaevaAV.Sprint3.Task4.V26", "Tyuiu.TalalaevaAV.Sprint3.Task4.V26\Tyuiu.TalalaevaAV.Sprint3.Task4.V26.csproj", "{4F676AF8-83A8-48E7-A8C4-E67BA704FBCC}"
EndProject
Project("{9A19103F-16F7-4668-BE54-9A1E7A4F7556}") = "Tyuiu.TalalaevaAV.Sprint3.Task4.V26.Lib", "Tyuiu.TalalaevaAV.Sprint3.Task4.V26.Lib\Tyuiu.TalalaevaAV.Sprint3.Task4.V26.Lib.csproj", "{E90FD01D-247F-487E-A3CB-FCC6C0D5A034}"
EndProject
Project("{9A19103F-16F7-4668-BE54-9A1E7A4F7556}") = "Tyuiu.TalalaevaAV.Sprint3.Task4.V26.Test", "Tyuiu.TalalaevaAV.Sprint3.Task4.V26.Test\Tyuiu.TalalaevaAV.Sprint3.Task4.V26.Test.csproj", "{4D2C72F7-74AF-4C68-82E0-70A91ADE0C87}"
EndProject
Project("{2150E333-8FDC-42A3-9474-1A3956D46DE8}") = "Task5", "Task5", "{14B7BCAB-1A1A-4E4A-A606-5C7D0851487C}"
EndProject
Project("{FAE04EC0-301F-11D3-BF4B-00C04F79EFBC}") = "Tyuiu.TalalaevaAV.Sprint3.Task5.V17", "Tyuiu.TalalaevaAV.Sprint3.Task5.V17\Tyuiu.TalalaevaAV.Sprint3.Task5.V17.csproj", "{947580D8-2173-4B4D-9BC2-19D42EA85312}"
EndProject
Project("{FAE04EC0-301F-11D3-BF4B-00C04F79EFBC}") = "Tyuiu.TalalaevaAV.Sprint3.Task5.V17.Lib", "Tyuiu.TalalaevaAV.Sprint3.Task5.V17.Lib\Tyuiu.TalalaevaAV.Sprint3.Task5.V17.Lib.csproj", "{2E1C627C-C7D3-44A5-9A8E-E5C53340ED5A}"
EndProject
Project("{FAE04EC0-301F-11D3-BF4B-00C04F79EFBC}") = "Tyuiu.TalalaevaAV.Sprint3.Task5.V17.Test", "Tyuiu.TalalaevaAV.Sprint3.Task5.V17.Test\Tyuiu.TalalaevaAV.Sprint3.Task5.V17.Test.csproj", "{C2E60C23-D343-4335-A44D-1CBCFCBAB844}"
EndProject
Global
	GlobalSection(SolutionConfigurationPlatforms) = preSolution
		Debug|Any CPU = Debug|Any CPU
		Release|Any CPU = Release|Any CPU
	EndGlobalSection
	GlobalSection(ProjectConfigurationPlatforms) = postSolution
		{7377A13E-A4AE-4C62-A2B8-9E9FE7A84B62}.Debug|Any CPU.ActiveCfg = Debug|Any CPU
		{7377A13E-A4AE-4C62-A2B8-9E9FE7A84B62}.Debug|Any CPU.Build.0 = Debug|Any CPU
		{7377A13E-A4AE-4C62-A2B8-9E9FE7A84B62}.Release|Any CPU.ActiveCfg = Release|Any CPU
		{7377A13E-A4AE-4C62-A2B8-9E9FE7A84B62}.Release|Any CPU.Build.0 = Release|Any CPU
		{9A0C3A93-FC74-472D-A96D-5FAEFEC4267A}.Debug|Any CPU.ActiveCfg = Debug|Any CPU
		{9A0C3A93-FC74-472D-A96D-5FAEFEC4267A}.Debug|Any CPU.Build.0 = Debug|Any CPU
		{9A0C3A93-FC74-472D-A96D-5FAEFEC4267A}.Release|Any CPU.ActiveCfg = Release|Any CPU
		{9A0C3A93-FC74-472D-A96D-5FAEFEC4267A}.Release|Any CPU.Build.0 = Release|Any CPU
		{335B1EF9-BDB8-4073-8716-29B31069BF53}.Debug|Any CPU.ActiveCfg = Debug|Any CPU
		{335B1EF9-BDB8-4073-8716-29B31069BF53}.Debug|Any CPU.Build.0 = Debug|Any CPU
		{335B1EF9-BDB8-4073-8716-29B31069BF53}.Release|Any CPU.ActiveCfg = Release|Any CPU
		{335B1EF9-BDB8-4073-8716-29B31069BF53}.Release|Any CPU.Build.0 = Release|Any CPU
		{92BF19F5-4808-47F0-BB74-C50868B10919}.Debug|Any CPU.ActiveCfg = Debug|Any CPU
		{92BF19F5-4808-47F0-BB74-C50868B10919}.Debug|Any CPU.Build.0 = Debug|Any CPU
		{92BF19F5-4808-47F0-BB74-C50868B10919}.Release|Any CPU.ActiveCfg = Release|Any CPU
		{92BF19F5-4808-47F0-BB74-C50868B10919}.Release|Any CPU.Build.0 = Release|Any CPU
		{1966FC83-4854-4CDB-93E7-7EE0A5729481}.Debug|Any CPU.ActiveCfg = Debug|Any CPU
		{1966FC83-4854-4CDB-93E7-7EE0A5729481}.Debug|Any CPU.Build.0 = Debug|Any CPU
		{1966FC83-4854-4CDB-93E7-7EE0A5729481}.Release|Any CPU.ActiveCfg = Release|Any CPU
		{1966FC83-4854-4CDB-93E7-7EE0A5729481}.Release|Any CPU.Build.0 = Release|Any CPU
		{44E11920-C370-4EF4-882F-836B5D6DA0FD}.Debug|Any CPU.ActiveCfg = Debug|Any CPU
		{44E11920-C370-4EF4-882F-836B5D6DA0FD}.Debug|Any CPU.Build.0 = Debug|Any CPU
		{44E11920-C370-4EF4-882F-836B5D6DA0FD}.Release|Any CPU.ActiveCfg = Release|Any CPU
		{44E11920-C370-4EF4-882F-836B5D6DA0FD}.Release|Any CPU.Build.0 = Release|Any CPU
		{3076FA66-651A-49C1-ABDD-AE0AC3E0B4A7}.Debug|Any CPU.ActiveCfg = Debug|Any CPU
		{3076FA66-651A-49C1-ABDD-AE0AC3E0B4A7}.Debug|Any CPU.Build.0 = Debug|Any CPU
		{3076FA66-651A-49C1-ABDD-AE0AC3E0B4A7}.Release|Any CPU.ActiveCfg = Release|Any CPU
		{3076FA66-651A-49C1-ABDD-AE0AC3E0B4A7}.Release|Any CPU.Build.0 = Release|Any CPU
		{42A17EA7-9A2C-4368-89C4-27C289AD047F}.Debug|Any CPU.ActiveCfg = Debug|Any CPU
		{42A17EA7-9A2C-4368-89C4-27C289AD047F}.Debug|Any CPU.Build.0 = Debug|Any CPU
		{42A17EA7-9A2C-4368-89C4-27C289AD047F}.Release|Any CPU.ActiveCfg = Release|Any CPU
		{42A17EA7-9A2C-4368-89C4-27C289AD047F}.Release|Any CPU.Build.0 = Release|Any CPU
		{15CACD76-A450-4B04-AD97-05C68B04EE4F}.Debug|Any CPU.ActiveCfg = Debug|Any CPU
		{15CACD76-A450-4B04-AD97-05C68B04EE4F}.Debug|Any CPU.Build.0 = Debug|Any CPU
		{15CACD76-A450-4B04-AD97-05C68B04EE4F}.Release|Any CPU.ActiveCfg = Release|Any CPU
		{15CACD76-A450-4B04-AD97-05C68B04EE4F}.Release|Any CPU.Build.0 = Release|Any CPU
		{D47ED2E8-D6D3-4265-97B1-3146DBFD3CEB}.Debug|Any CPU.ActiveCfg = Debug|Any CPU
		{D47ED2E8-D6D3-4265-97B1-3146DBFD3CEB}.Debug|Any CPU.Build.0 = Debug|Any CPU
		{D47ED2E8-D6D3-4265-97B1-3146DBFD3CEB}.Release|Any CPU.ActiveCfg = Release|Any CPU
		{D47ED2E8-D6D3-4265-97B1-3146DBFD3CEB}.Release|Any CPU.Build.0 = Release|Any CPU
		{A28F410A-389C-4CE9-9762-C489C1CAEA57}.Debug|Any CPU.ActiveCfg = Debug|Any CPU
		{A28F410A-389C-4CE9-9762-C489C1CAEA57}.Debug|Any CPU.Build.0 = Debug|Any CPU
		{A28F410A-389C-4CE9-9762-C489C1CAEA57}.Release|Any CPU.ActiveCfg = Release|Any CPU
		{A28F410A-389C-4CE9-9762-C489C1CAEA57}.Release|Any CPU.Build.0 = Release|Any CPU
		{D8120997-0155-4E22-8473-F2F8249B9644}.Debug|Any CPU.ActiveCfg = Debug|Any CPU
		{D8120997-0155-4E22-8473-F2F8249B9644}.Debug|Any CPU.Build.0 = Debug|Any CPU
		{D8120997-0155-4E22-8473-F2F8249B9644}.Release|Any CPU.ActiveCfg = Release|Any CPU
		{D8120997-0155-4E22-8473-F2F8249B9644}.Release|Any CPU.Build.0 = Release|Any CPU
		{4F676AF8-83A8-48E7-A8C4-E67BA704FBCC}.Debug|Any CPU.ActiveCfg = Debug|Any CPU
		{4F676AF8-83A8-48E7-A8C4-E67BA704FBCC}.Debug|Any CPU.Build.0 = Debug|Any CPU
		{4F676AF8-83A8-48E7-A8C4-E67BA704FBCC}.Release|Any CPU.ActiveCfg = Release|Any CPU
		{4F676AF8-83A8-48E7-A8C4-E67BA704FBCC}.Release|Any CPU.Build.0 = Release|Any CPU
		{E90FD01D-247F-487E-A3CB-FCC6C0D5A034}.Debug|Any CPU.ActiveCfg = Debug|Any CPU
		{E90FD01D-247F-487E-A3CB-FCC6C0D5A034}.Debug|Any CPU.Build.0 = Debug|Any CPU
		{E90FD01D-247F-487E-A3CB-FCC6C0D5A034}.Release|Any CPU.ActiveCfg = Release|Any CPU
		{E90FD01D-247F-487E-A3CB-FCC6C0D5A034}.Release|Any CPU.Build.0 = Release|Any CPU
		{4D2C72F7-74AF-4C68-82E0-70A91ADE0C87}.Debug|Any CPU.ActiveCfg = Debug|Any CPU
		{4D2C72F7-74AF-4C68-82E0-70A91ADE0C87}.Debug|Any CPU.Build.0 = Debug|Any CPU
		{4D2C72F7-74AF-4C68-82E0-70A91ADE0C87}.Release|Any CPU.ActiveCfg = Release|Any CPU
		{4D2C72F7-74AF-4C68-82E0-70A91ADE0C87}.Release|Any CPU.Build.0 = Release|Any CPU
		{947580D8-2173-4B4D-9BC2-19D42EA85312}.Debug|Any CPU.ActiveCfg = Debug|Any CPU
		{947580D8-2173-4B4D-9BC2-19D42EA85312}.Debug|Any CPU.Build.0 = Debug|Any CPU
		{947580D8-2173-4B4D-9BC2-19D42EA85312}.Release|Any CPU.ActiveCfg = Release|Any CPU
		{947580D8-2173-4B4D-9BC2-19D42EA85312}.Release|Any CPU.Build.0 = Release|Any CPU
		{2E1C627C-C7D3-44A5-9A8E-E5C53340ED5A}.Debug|Any CPU.ActiveCfg = Debug|Any CPU
		{2E1C627C-C7D3-44A5-9A8E-E5C53340ED5A}.Debug|Any CPU.Build.0 = Debug|Any CPU
		{2E1C627C-C7D3-44A5-9A8E-E5C53340ED5A}.Release|Any CPU.ActiveCfg = Release|Any CPU
		{2E1C627C-C7D3-44A5-9A8E-E5C53340ED5A}.Release|Any CPU.Build.0 = Release|Any CPU
		{C2E60C23-D343-4335-A44D-1CBCFCBAB844}.Debug|Any CPU.ActiveCfg = Debug|Any CPU
		{C2E60C23-D343-4335-A44D-1CBCFCBAB844}.Debug|Any CPU.Build.0 = Debug|Any CPU
		{C2E60C23-D343-4335-A44D-1CBCFCBAB844}.Release|Any CPU.ActiveCfg = Release|Any CPU
		{C2E60C23-D343-4335-A44D-1CBCFCBAB844}.Release|Any CPU.Build.0 = Release|Any CPU
	EndGlobalSection
	GlobalSection(SolutionProperties) = preSolution
		HideSolutionNode = FALSE
	EndGlobalSection
	GlobalSection(NestedProjects) = preSolution
		{7377A13E-A4AE-4C62-A2B8-9E9FE7A84B62} = {01FFF0DB-6C1C-4721-887A-3773971DB5FA}
		{9A0C3A93-FC74-472D-A96D-5FAEFEC4267A} = {01FFF0DB-6C1C-4721-887A-3773971DB5FA}
		{335B1EF9-BDB8-4073-8716-29B31069BF53} = {01FFF0DB-6C1C-4721-887A-3773971DB5FA}
		{92BF19F5-4808-47F0-BB74-C50868B10919} = {8A9CEC10-1114-44EE-BE38-B0E7EA8F2284}
		{1966FC83-4854-4CDB-93E7-7EE0A5729481} = {8A9CEC10-1114-44EE-BE38-B0E7EA8F2284}
		{44E11920-C370-4EF4-882F-836B5D6DA0FD} = {8A9CEC10-1114-44EE-BE38-B0E7EA8F2284}
		{3076FA66-651A-49C1-ABDD-AE0AC3E0B4A7} = {AFB07FA0-A6D0-4BCB-B312-FD5B9D211B3A}
		{42A17EA7-9A2C-4368-89C4-27C289AD047F} = {AFB07FA0-A6D0-4BCB-B312-FD5B9D211B3A}
		{15CACD76-A450-4B04-AD97-05C68B04EE4F} = {AFB07FA0-A6D0-4BCB-B312-FD5B9D211B3A}
		{D47ED2E8-D6D3-4265-97B1-3146DBFD3CEB} = {5E9FA45A-1A33-426B-949E-06A4642F6ACB}
		{A28F410A-389C-4CE9-9762-C489C1CAEA57} = {5E9FA45A-1A33-426B-949E-06A4642F6ACB}
		{D8120997-0155-4E22-8473-F2F8249B9644} = {5E9FA45A-1A33-426B-949E-06A4642F6ACB}
		{4F676AF8-83A8-48E7-A8C4-E67BA704FBCC} = {6C7D0990-2191-4A98-880F-6D95E0434BCC}
		{E90FD01D-247F-487E-A3CB-FCC6C0D5A034} = {6C7D0990-2191-4A98-880F-6D95E0434BCC}
		{4D2C72F7-74AF-4C68-82E0-70A91ADE0C87} = {6C7D0990-2191-4A98-880F-6D95E0434BCC}
		{947580D8-2173-4B4D-9BC2-19D42EA85312} = {14B7BCAB-1A1A-4E4A-A606-5C7D0851487C}
		{2E1C627C-C7D3-44A5-9A8E-E5C53340ED5A} = {14B7BCAB-1A1A-4E4A-A606-5C7D0851487C}
		{C2E60C23-D343-4335-A44D-1CBCFCBAB844} = {14B7BCAB-1A1A-4E4A-A606-5C7D0851487C}
	EndGlobalSection
	GlobalSection(ExtensibilityGlobals) = postSolution
		SolutionGuid = {CEA37D56-A055-482A-B2F3-4C8E7EE28AF5}
	EndGlobalSection
EndGlobal
